{
  "name": "zlib",
  "version": "1.0.0",
  "lockfileVersion": 3,
  "requires": true,
  "packages": {
    "": {
      "name": "zlib",
      "version": "1.0.0",
      "license": "ISC",
      "dependencies": {
        "zlib": "^1.0.5"
      }
    },
    "node_modules/zlib": {
      "version": "1.0.5",
      "resolved": "https://registry.npmmirror.com/zlib/-/zlib-1.0.5.tgz",
      "integrity": "sha512-40fpE2II+Cd3k8HWTWONfeKE2jL+P42iWJ1zzps5W51qcTsOUKM5Q5m2PFb0CLxlmFAaUuUdJGc3OfZy947v0w==",
      "hasInstallScript": true,
      "engines": {
        "node": ">=0.2.0"
      }
    }
  }
}
